
Microsoft Visual Studio Solution File, Format Version 12.00
# Visual Studio 15
VisualStudioVersion = 15.0.25807.0
MinimumVisualStudioVersion = 10.0.40219.1
Project("{2150E333-8FDC-42A3-9474-1A3956D46DE8}") = "Engine", "Engine", "{8CAA273A-6D1B-4556-B252-A2B05A4A91FD}"
EndProject
Project("{2150E333-8FDC-42A3-9474-1A3956D46DE8}") = "Games", "Games", "{052BAC87-11FF-49E0-A148-30EB78D8B0DF}"
EndProject
Project("{8BC9CEB8-8B4A-11D0-8D11-00A0C91BC942}") = "UE4", "Intermediate\ProjectFiles\UE4.vcxproj", "{DF37F96E-E586-4B75-9401-F9CCFBC4475D}"
EndProject
Project("{8BC9CEB8-8B4A-11D0-8D11-00A0C91BC942}") = "BatteryCollector", "Intermediate\ProjectFiles\BatteryCollector.vcxproj", "{4CBFC7AA-451A-49C2-9079-46C209A877CB}"
EndProject
Project("{2150E333-8FDC-42A3-9474-1A3956D46DE8}") = "Visualizers", "Visualizers", "{313CC02C-C51D-44A6-87CF-CF255A7102DA}"
	ProjectSection(SolutionItems) = preProject
		..\..\..\..\..\..\..\..\Program Files\Epic Games\UE_4.21\Engine\Extras\VisualStudioDebugging\UE4.natvis = ..\..\..\..\..\..\..\..\Program Files\Epic Games\UE_4.21\Engine\Extras\VisualStudioDebugging\UE4.natvis
	EndProjectSection
EndProject
Global
	GlobalSection(SolutionConfigurationPlatforms) = preSolution
		DebugGame Editor|HTML5 = DebugGame Editor|HTML5
		DebugGame Editor|Win32 = DebugGame Editor|Win32
		DebugGame Editor|Win64 = DebugGame Editor|Win64
		DebugGame|HTML5 = DebugGame|HTML5
		DebugGame|Win32 = DebugGame|Win32
		DebugGame|Win64 = DebugGame|Win64
		Development Editor|HTML5 = Development Editor|HTML5
		Development Editor|Win32 = Development Editor|Win32
		Development Editor|Win64 = Development Editor|Win64
		Development|HTML5 = Development|HTML5
		Development|Win32 = Development|Win32
		Development|Win64 = Development|Win64
		Shipping|HTML5 = Shipping|HTML5
		Shipping|Win32 = Shipping|Win32
		Shipping|Win64 = Shipping|Win64
	EndGlobalSection
	GlobalSection(ProjectConfigurationPlatforms) = postSolution
		{DF37F96E-E586-4B75-9401-F9CCFBC4475D}.DebugGame Editor|HTML5.ActiveCfg = BuiltWithUnrealBuildTool|Win32
		{DF37F96E-E586-4B75-9401-F9CCFBC4475D}.DebugGame Editor|Win32.ActiveCfg = BuiltWithUnrealBuildTool|Win32
		{DF37F96E-E586-4B75-9401-F9CCFBC4475D}.DebugGame Editor|Win64.ActiveCfg = BuiltWithUnrealBuildTool|Win32
		{DF37F96E-E586-4B75-9401-F9CCFBC4475D}.DebugGame|HTML5.ActiveCfg = BuiltWithUnrealBuildTool|Win32
		{DF37F96E-E586-4B75-9401-F9CCFBC4475D}.DebugGame|Win32.ActiveCfg = BuiltWithUnrealBuildTool|Win32
		{DF37F96E-E586-4B75-9401-F9CCFBC4475D}.DebugGame|Win64.ActiveCfg = BuiltWithUnrealBuildTool|Win32
		{DF37F96E-E586-4B75-9401-F9CCFBC4475D}.Development Editor|HTML5.ActiveCfg = BuiltWithUnrealBuildTool|Win32
		{DF37F96E-E586-4B75-9401-F9CCFBC4475D}.Development Editor|Win32.ActiveCfg = BuiltWithUnrealBuildTool|Win32
		{DF37F96E-E586-4B75-9401-F9CCFBC4475D}.Development Editor|Win64.ActiveCfg = BuiltWithUnrealBuildTool|Win32
		{DF37F96E-E586-4B75-9401-F9CCFBC4475D}.Development|HTML5.ActiveCfg = BuiltWithUnrealBuildTool|Win32
		{DF37F96E-E586-4B75-9401-F9CCFBC4475D}.Development|Win32.ActiveCfg = BuiltWithUnrealBuildTool|Win32
		{DF37F96E-E586-4B75-9401-F9CCFBC4475D}.Development|Win64.ActiveCfg = BuiltWithUnrealBuildTool|Win32
		{DF37F96E-E586-4B75-9401-F9CCFBC4475D}.Shipping|HTML5.ActiveCfg = BuiltWithUnrealBuildTool|Win32
		{DF37F96E-E586-4B75-9401-F9CCFBC4475D}.Shipping|Win32.ActiveCfg = BuiltWithUnrealBuildTool|Win32
		{DF37F96E-E586-4B75-9401-F9CCFBC4475D}.Shipping|Win64.ActiveCfg = BuiltWithUnrealBuildTool|Win32
		{4CBFC7AA-451A-49C2-9079-46C209A877CB}.DebugGame Editor|HTML5.ActiveCfg = Invalid|Win32
		{4CBFC7AA-451A-49C2-9079-46C209A877CB}.DebugGame Editor|Win32.ActiveCfg = Invalid|Win32
		{4CBFC7AA-451A-49C2-9079-46C209A877CB}.DebugGame Editor|Win64.ActiveCfg = DebugGame_Editor|x64
		{4CBFC7AA-451A-49C2-9079-46C209A877CB}.DebugGame Editor|Win64.Build.0 = DebugGame_Editor|x64
		{4CBFC7AA-451A-49C2-9079-46C209A877CB}.DebugGame|HTML5.ActiveCfg = HTML5_DebugGame|Win32
		{4CBFC7AA-451A-49C2-9079-46C209A877CB}.DebugGame|HTML5.Build.0 = HTML5_DebugGame|Win32
		{4CBFC7AA-451A-49C2-9079-46C209A877CB}.DebugGame|Win32.ActiveCfg = DebugGame|Win32
		{4CBFC7AA-451A-49C2-9079-46C209A877CB}.DebugGame|Win32.Build.0 = DebugGame|Win32
		{4CBFC7AA-451A-49C2-9079-46C209A877CB}.DebugGame|Win64.ActiveCfg = DebugGame|x64
		{4CBFC7AA-451A-49C2-9079-46C209A877CB}.DebugGame|Win64.Build.0 = DebugGame|x64
		{4CBFC7AA-451A-49C2-9079-46C209A877CB}.Development Editor|HTML5.ActiveCfg = Invalid|Win32
		{4CBFC7AA-451A-49C2-9079-46C209A877CB}.Development Editor|Win32.ActiveCfg = Invalid|Win32
		{4CBFC7AA-451A-49C2-9079-46C209A877CB}.Development Editor|Win64.ActiveCfg = Development_Editor|x64
		{4CBFC7AA-451A-49C2-9079-46C209A877CB}.Development Editor|Win64.Build.0 = Development_Editor|x64
		{4CBFC7AA-451A-49C2-9079-46C209A877CB}.Development|HTML5.ActiveCfg = HTML5_Development|Win32
		{4CBFC7AA-451A-49C2-9079-46C209A877CB}.Development|HTML5.Build.0 = HTML5_Development|Win32
		{4CBFC7AA-451A-49C2-9079-46C209A877CB}.Development|Win32.ActiveCfg = Development|Win32
		{4CBFC7AA-451A-49C2-9079-46C209A877CB}.Development|Win32.Build.0 = Development|Win32
		{4CBFC7AA-451A-49C2-9079-46C209A877CB}.Development|Win64.ActiveCfg = Development|x64
		{4CBFC7AA-451A-49C2-9079-46C209A877CB}.Development|Win64.Build.0 = Development|x64
		{4CBFC7AA-451A-49C2-9079-46C209A877CB}.Shipping|HTML5.ActiveCfg = HTML5_Shipping|Win32
		{4CBFC7AA-451A-49C2-9079-46C209A877CB}.Shipping|HTML5.Build.0 = HTML5_Shipping|Win32
		{4CBFC7AA-451A-49C2-9079-46C209A877CB}.Shipping|Win32.ActiveCfg = Shipping|Win32
		{4CBFC7AA-451A-49C2-9079-46C209A877CB}.Shipping|Win32.Build.0 = Shipping|Win32
		{4CBFC7AA-451A-49C2-9079-46C209A877CB}.Shipping|Win64.ActiveCfg = Shipping|x64
		{4CBFC7AA-451A-49C2-9079-46C209A877CB}.Shipping|Win64.Build.0 = Shipping|x64
	EndGlobalSection
	GlobalSection(SolutionProperties) = preSolution
		HideSolutionNode = FALSE
	EndGlobalSection
	GlobalSection(NestedProjects) = preSolution
		{DF37F96E-E586-4B75-9401-F9CCFBC4475D} = {8CAA273A-6D1B-4556-B252-A2B05A4A91FD}
		{4CBFC7AA-451A-49C2-9079-46C209A877CB} = {052BAC87-11FF-49E0-A148-30EB78D8B0DF}
	EndGlobalSection
EndGlobal
